
Microsoft Visual Studio Solution File, Format Version 12.00
# Visual Studio Version 17
VisualStudioVersion = 17.9.34607.119
MinimumVisualStudioVersion = 10.0.40219.1
Project("{9A19103F-16F7-4668-BE54-9A1E7A4F7556}") = "TypesAndVariables", "TypesAndVariables\TypesAndVariables.csproj", "{C31EE779-4BC2-42A1-8FEA-02A04B14E6F9}"
EndProject
Project("{9A19103F-16F7-4668-BE54-9A1E7A4F7556}") = "Conditionals", "Conditionals\Conditionals.csproj", "{F95D3E9E-EB4F-4E6B-944B-02AEB74B0C66}"
EndProject
Project("{9A19103F-16F7-4668-BE54-9A1E7A4F7556}") = "Methods1", "Methods1\Methods1.csproj", "{32A0BF0C-AC01-4EF2-AFC6-361C0646A561}"
EndProject
Project("{9A19103F-16F7-4668-BE54-9A1E7A4F7556}") = "Arrays", "Arrays\Arrays.csproj", "{EBE2C339-2B49-4BE0-B267-3C389785E68B}"
EndProject
Project("{9A19103F-16F7-4668-BE54-9A1E7A4F7556}") = "Loops", "Loops\Loops.csproj", "{4E6B1136-6A5A-4C47-9948-5A9D345E3C04}"
EndProject
Project("{9A19103F-16F7-4668-BE54-9A1E7A4F7556}") = "Strings", "Strings\Strings.csproj", "{AF8A25D2-66DA-41B8-9E15-43579BCB06AB}"
EndProject
Project("{9A19103F-16F7-4668-BE54-9A1E7A4F7556}") = "Classes", "Classes\Classes.csproj", "{66ADC59E-7298-4778-99C3-12DAA9E91385}"
EndProject
Project("{9A19103F-16F7-4668-BE54-9A1E7A4F7556}") = "RecapDemo", "RecapDemo\RecapDemo.csproj", "{A54B6BEF-C843-4483-BC3E-A8CE89CF024B}"
EndProject
Project("{9A19103F-16F7-4668-BE54-9A1E7A4F7556}") = "Interfaces", "Interfaces\Interfaces.csproj", "{E9A2CCF9-522C-4935-AD06-79DFC59D9E1D}"
EndProject
Project("{9A19103F-16F7-4668-BE54-9A1E7A4F7556}") = "InterfacesDemo", "InterfacesDemo\InterfacesDemo.csproj", "{D149C7DE-D055-4958-A101-C7BDEDE2B12B}"
EndProject
Project("{9A19103F-16F7-4668-BE54-9A1E7A4F7556}") = "Inheritance", "Inheritance\Inheritance.csproj", "{8AC11C3C-7223-45AB-B00A-C5685D4537C3}"
EndProject
Project("{9A19103F-16F7-4668-BE54-9A1E7A4F7556}") = "VirtualMethods", "VirtualMethods\VirtualMethods.csproj", "{BC758FDE-3D8C-42A2-8A55-559D9D44420F}"
EndProject
Project("{9A19103F-16F7-4668-BE54-9A1E7A4F7556}") = "AbstractClasses", "AbstractClasses\AbstractClasses.csproj", "{D0867826-1C8C-4A42-9C5F-7753F8D8BCCC}"
EndProject
Project("{9A19103F-16F7-4668-BE54-9A1E7A4F7556}") = "RecapDemo2", "RecapDemo2\RecapDemo2.csproj", "{372CD985-48BE-420C-9347-E38280CD96F8}"
EndProject
Project("{9A19103F-16F7-4668-BE54-9A1E7A4F7556}") = "AccessModifiers", "AccessModifiers\AccessModifiers.csproj", "{D097CE47-6400-4D03-A2E2-78A9B816E6B2}"
EndProject
Project("{9A19103F-16F7-4668-BE54-9A1E7A4F7556}") = "AccessModifiersDemo", "AccessModifiersDemo\AccessModifiersDemo.csproj", "{A94D2185-94D6-49BF-B83F-51FD8F77C9EA}"
EndProject
Project("{9A19103F-16F7-4668-BE54-9A1E7A4F7556}") = "Constructors", "Constructors\Constructors.csproj", "{191C4219-F7AE-4744-8CB0-90CDB08BDD1B}"
EndProject
Project("{9A19103F-16F7-4668-BE54-9A1E7A4F7556}") = "ReferenceAndValueType", "ReferenceAndValueType\ReferenceAndValueType.csproj", "{D01B6B69-FCF7-4F50-BD85-5C43E6F2D97D}"
EndProject
Project("{9A19103F-16F7-4668-BE54-9A1E7A4F7556}") = "Collections", "Collections\Collections.csproj", "{EFEAF5AA-9820-47D2-A5E7-4E392AD9437A}"
EndProject
Project("{9A19103F-16F7-4668-BE54-9A1E7A4F7556}") = "Exceptions", "Exceptions\Exceptions.csproj", "{3190E19F-D053-4D12-82FF-54D216CF9923}"
EndProject
Project("{FAE04EC0-301F-11D3-BF4B-00C04F79EFBC}") = "AdoNetDemo", "AdoNetDemo\AdoNetDemo.csproj", "{5EDF2C6C-9D90-4C03-A4F6-B90F65941BF4}"
EndProject
Global
	GlobalSection(SolutionConfigurationPlatforms) = preSolution
		Debug|Any CPU = Debug|Any CPU
		Release|Any CPU = Release|Any CPU
	EndGlobalSection
	GlobalSection(ProjectConfigurationPlatforms) = postSolution
		{C31EE779-4BC2-42A1-8FEA-02A04B14E6F9}.Debug|Any CPU.ActiveCfg = Debug|Any CPU
		{C31EE779-4BC2-42A1-8FEA-02A04B14E6F9}.Debug|Any CPU.Build.0 = Debug|Any CPU
		{C31EE779-4BC2-42A1-8FEA-02A04B14E6F9}.Release|Any CPU.ActiveCfg = Release|Any CPU
		{C31EE779-4BC2-42A1-8FEA-02A04B14E6F9}.Release|Any CPU.Build.0 = Release|Any CPU
		{F95D3E9E-EB4F-4E6B-944B-02AEB74B0C66}.Debug|Any CPU.ActiveCfg = Debug|Any CPU
		{F95D3E9E-EB4F-4E6B-944B-02AEB74B0C66}.Debug|Any CPU.Build.0 = Debug|Any CPU
		{F95D3E9E-EB4F-4E6B-944B-02AEB74B0C66}.Release|Any CPU.ActiveCfg = Release|Any CPU
		{F95D3E9E-EB4F-4E6B-944B-02AEB74B0C66}.Release|Any CPU.Build.0 = Release|Any CPU
		{32A0BF0C-AC01-4EF2-AFC6-361C0646A561}.Debug|Any CPU.ActiveCfg = Debug|Any CPU
		{32A0BF0C-AC01-4EF2-AFC6-361C0646A561}.Debug|Any CPU.Build.0 = Debug|Any CPU
		{32A0BF0C-AC01-4EF2-AFC6-361C0646A561}.Release|Any CPU.ActiveCfg = Release|Any CPU
		{32A0BF0C-AC01-4EF2-AFC6-361C0646A561}.Release|Any CPU.Build.0 = Release|Any CPU
		{EBE2C339-2B49-4BE0-B267-3C389785E68B}.Debug|Any CPU.ActiveCfg = Debug|Any CPU
		{EBE2C339-2B49-4BE0-B267-3C389785E68B}.Debug|Any CPU.Build.0 = Debug|Any CPU
		{EBE2C339-2B49-4BE0-B267-3C389785E68B}.Release|Any CPU.ActiveCfg = Release|Any CPU
		{EBE2C339-2B49-4BE0-B267-3C389785E68B}.Release|Any CPU.Build.0 = Release|Any CPU
		{4E6B1136-6A5A-4C47-9948-5A9D345E3C04}.Debug|Any CPU.ActiveCfg = Debug|Any CPU
		{4E6B1136-6A5A-4C47-9948-5A9D345E3C04}.Debug|Any CPU.Build.0 = Debug|Any CPU
		{4E6B1136-6A5A-4C47-9948-5A9D345E3C04}.Release|Any CPU.ActiveCfg = Release|Any CPU
		{4E6B1136-6A5A-4C47-9948-5A9D345E3C04}.Release|Any CPU.Build.0 = Release|Any CPU
		{AF8A25D2-66DA-41B8-9E15-43579BCB06AB}.Debug|Any CPU.ActiveCfg = Debug|Any CPU
		{AF8A25D2-66DA-41B8-9E15-43579BCB06AB}.Debug|Any CPU.Build.0 = Debug|Any CPU
		{AF8A25D2-66DA-41B8-9E15-43579BCB06AB}.Release|Any CPU.ActiveCfg = Release|Any CPU
		{AF8A25D2-66DA-41B8-9E15-43579BCB06AB}.Release|Any CPU.Build.0 = Release|Any CPU
		{66ADC59E-7298-4778-99C3-12DAA9E91385}.Debug|Any CPU.ActiveCfg = Debug|Any CPU
		{66ADC59E-7298-4778-99C3-12DAA9E91385}.Debug|Any CPU.Build.0 = Debug|Any CPU
		{66ADC59E-7298-4778-99C3-12DAA9E91385}.Release|Any CPU.ActiveCfg = Release|Any CPU
		{66ADC59E-7298-4778-99C3-12DAA9E91385}.Release|Any CPU.Build.0 = Release|Any CPU
		{A54B6BEF-C843-4483-BC3E-A8CE89CF024B}.Debug|Any CPU.ActiveCfg = Debug|Any CPU
		{A54B6BEF-C843-4483-BC3E-A8CE89CF024B}.Debug|Any CPU.Build.0 = Debug|Any CPU
		{A54B6BEF-C843-4483-BC3E-A8CE89CF024B}.Release|Any CPU.ActiveCfg = Release|Any CPU
		{A54B6BEF-C843-4483-BC3E-A8CE89CF024B}.Release|Any CPU.Build.0 = Release|Any CPU
		{E9A2CCF9-522C-4935-AD06-79DFC59D9E1D}.Debug|Any CPU.ActiveCfg = Debug|Any CPU
		{E9A2CCF9-522C-4935-AD06-79DFC59D9E1D}.Debug|Any CPU.Build.0 = Debug|Any CPU
		{E9A2CCF9-522C-4935-AD06-79DFC59D9E1D}.Release|Any CPU.ActiveCfg = Release|Any CPU
		{E9A2CCF9-522C-4935-AD06-79DFC59D9E1D}.Release|Any CPU.Build.0 = Release|Any CPU
		{D149C7DE-D055-4958-A101-C7BDEDE2B12B}.Debug|Any CPU.ActiveCfg = Debug|Any CPU
		{D149C7DE-D055-4958-A101-C7BDEDE2B12B}.Debug|Any CPU.Build.0 = Debug|Any CPU
		{D149C7DE-D055-4958-A101-C7BDEDE2B12B}.Release|Any CPU.ActiveCfg = Release|Any CPU
		{D149C7DE-D055-4958-A101-C7BDEDE2B12B}.Release|Any CPU.Build.0 = Release|Any CPU
		{8AC11C3C-7223-45AB-B00A-C5685D4537C3}.Debug|Any CPU.ActiveCfg = Debug|Any CPU
		{8AC11C3C-7223-45AB-B00A-C5685D4537C3}.Debug|Any CPU.Build.0 = Debug|Any CPU
		{8AC11C3C-7223-45AB-B00A-C5685D4537C3}.Release|Any CPU.ActiveCfg = Release|Any CPU
		{8AC11C3C-7223-45AB-B00A-C5685D4537C3}.Release|Any CPU.Build.0 = Release|Any CPU
		{BC758FDE-3D8C-42A2-8A55-559D9D44420F}.Debug|Any CPU.ActiveCfg = Debug|Any CPU
		{BC758FDE-3D8C-42A2-8A55-559D9D44420F}.Debug|Any CPU.Build.0 = Debug|Any CPU
		{BC758FDE-3D8C-42A2-8A55-559D9D44420F}.Release|Any CPU.ActiveCfg = Release|Any CPU
		{BC758FDE-3D8C-42A2-8A55-559D9D44420F}.Release|Any CPU.Build.0 = Release|Any CPU
		{D0867826-1C8C-4A42-9C5F-7753F8D8BCCC}.Debug|Any CPU.ActiveCfg = Debug|Any CPU
		{D0867826-1C8C-4A42-9C5F-7753F8D8BCCC}.Debug|Any CPU.Build.0 = Debug|Any CPU
		{D0867826-1C8C-4A42-9C5F-7753F8D8BCCC}.Release|Any CPU.ActiveCfg = Release|Any CPU
		{D0867826-1C8C-4A42-9C5F-7753F8D8BCCC}.Release|Any CPU.Build.0 = Release|Any CPU
		{372CD985-48BE-420C-9347-E38280CD96F8}.Debug|Any CPU.ActiveCfg = Debug|Any CPU
		{372CD985-48BE-420C-9347-E38280CD96F8}.Debug|Any CPU.Build.0 = Debug|Any CPU
		{372CD985-48BE-420C-9347-E38280CD96F8}.Release|Any CPU.ActiveCfg = Release|Any CPU
		{372CD985-48BE-420C-9347-E38280CD96F8}.Release|Any CPU.Build.0 = Release|Any CPU
		{D097CE47-6400-4D03-A2E2-78A9B816E6B2}.Debug|Any CPU.ActiveCfg = Debug|Any CPU
		{D097CE47-6400-4D03-A2E2-78A9B816E6B2}.Debug|Any CPU.Build.0 = Debug|Any CPU
		{D097CE47-6400-4D03-A2E2-78A9B816E6B2}.Release|Any CPU.ActiveCfg = Release|Any CPU
		{D097CE47-6400-4D03-A2E2-78A9B816E6B2}.Release|Any CPU.Build.0 = Release|Any CPU
		{A94D2185-94D6-49BF-B83F-51FD8F77C9EA}.Debug|Any CPU.ActiveCfg = Debug|Any CPU
		{A94D2185-94D6-49BF-B83F-51FD8F77C9EA}.Debug|Any CPU.Build.0 = Debug|Any CPU
		{A94D2185-94D6-49BF-B83F-51FD8F77C9EA}.Release|Any CPU.ActiveCfg = Release|Any CPU
		{A94D2185-94D6-49BF-B83F-51FD8F77C9EA}.Release|Any CPU.Build.0 = Release|Any CPU
		{191C4219-F7AE-4744-8CB0-90CDB08BDD1B}.Debug|Any CPU.ActiveCfg = Debug|Any CPU
		{191C4219-F7AE-4744-8CB0-90CDB08BDD1B}.Debug|Any CPU.Build.0 = Debug|Any CPU
		{191C4219-F7AE-4744-8CB0-90CDB08BDD1B}.Release|Any CPU.ActiveCfg = Release|Any CPU
		{191C4219-F7AE-4744-8CB0-90CDB08BDD1B}.Release|Any CPU.Build.0 = Release|Any CPU
		{D01B6B69-FCF7-4F50-BD85-5C43E6F2D97D}.Debug|Any CPU.ActiveCfg = Debug|Any CPU
		{D01B6B69-FCF7-4F50-BD85-5C43E6F2D97D}.Debug|Any CPU.Build.0 = Debug|Any CPU
		{D01B6B69-FCF7-4F50-BD85-5C43E6F2D97D}.Release|Any CPU.ActiveCfg = Release|Any CPU
		{D01B6B69-FCF7-4F50-BD85-5C43E6F2D97D}.Release|Any CPU.Build.0 = Release|Any CPU
		{EFEAF5AA-9820-47D2-A5E7-4E392AD9437A}.Debug|Any CPU.ActiveCfg = Debug|Any CPU
		{EFEAF5AA-9820-47D2-A5E7-4E392AD9437A}.Debug|Any CPU.Build.0 = Debug|Any CPU
		{EFEAF5AA-9820-47D2-A5E7-4E392AD9437A}.Release|Any CPU.ActiveCfg = Release|Any CPU
		{EFEAF5AA-9820-47D2-A5E7-4E392AD9437A}.Release|Any CPU.Build.0 = Release|Any CPU
		{3190E19F-D053-4D12-82FF-54D216CF9923}.Debug|Any CPU.ActiveCfg = Debug|Any CPU
		{3190E19F-D053-4D12-82FF-54D216CF9923}.Debug|Any CPU.Build.0 = Debug|Any CPU
		{3190E19F-D053-4D12-82FF-54D216CF9923}.Release|Any CPU.ActiveCfg = Release|Any CPU
		{3190E19F-D053-4D12-82FF-54D216CF9923}.Release|Any CPU.Build.0 = Release|Any CPU
		{5EDF2C6C-9D90-4C03-A4F6-B90F65941BF4}.Debug|Any CPU.ActiveCfg = Debug|Any CPU
		{5EDF2C6C-9D90-4C03-A4F6-B90F65941BF4}.Debug|Any CPU.Build.0 = Debug|Any CPU
		{5EDF2C6C-9D90-4C03-A4F6-B90F65941BF4}.Release|Any CPU.ActiveCfg = Release|Any CPU
		{5EDF2C6C-9D90-4C03-A4F6-B90F65941BF4}.Release|Any CPU.Build.0 = Release|Any CPU
	EndGlobalSection
	GlobalSection(SolutionProperties) = preSolution
		HideSolutionNode = FALSE
	EndGlobalSection
	GlobalSection(ExtensibilityGlobals) = postSolution
		SolutionGuid = {75722913-B0ED-437D-863A-CCA284739927}
	EndGlobalSection
EndGlobal
